
Microsoft Visual Studio Solution File, Format Version 12.00
# Visual Studio Version 16
VisualStudioVersion = 16.0.29503.13
MinimumVisualStudioVersion = 10.0.40219.1
Project("{FAE04EC0-301F-11D3-BF4B-00C04F79EFBC}") = "SmartPaymentClientNet35", "SmartPaymentClientNet35.csproj", "{7B8ABF47-982C-4D43-8D35-86CE68AC371E}"
EndProject
Project("{FAE04EC0-301F-11D3-BF4B-00C04F79EFBC}") = "SmartPaymentClientDemo", "SmartPaymentClientDemo\SmartPaymentClientDemo.csproj", "{F6D00893-5580-479A-B11A-980B95475BDA}"
EndProject
Global
	GlobalSection(SolutionConfigurationPlatforms) = preSolution
		Debug|Any CPU = Debug|Any CPU
		Release|Any CPU = Release|Any CPU
	EndGlobalSection
	GlobalSection(ProjectConfigurationPlatforms) = postSolution
		{7B8ABF47-982C-4D43-8D35-86CE68AC371E}.Debug|Any CPU.ActiveCfg = Debug|Any CPU
		{7B8ABF47-982C-4D43-8D35-86CE68AC371E}.Debug|Any CPU.Build.0 = Debug|Any CPU
		{7B8ABF47-982C-4D43-8D35-86CE68AC371E}.Release|Any CPU.ActiveCfg = Release|Any CPU
		{7B8ABF47-982C-4D43-8D35-86CE68AC371E}.Release|Any CPU.Build.0 = Release|Any CPU
		{F6D00893-5580-479A-B11A-980B95475BDA}.Debug|Any CPU.ActiveCfg = Debug|Any CPU
		{F6D00893-5580-479A-B11A-980B95475BDA}.Debug|Any CPU.Build.0 = Debug|Any CPU
		{F6D00893-5580-479A-B11A-980B95475BDA}.Release|Any CPU.ActiveCfg = Release|Any CPU
		{F6D00893-5580-479A-B11A-980B95475BDA}.Release|Any CPU.Build.0 = Release|Any CPU
	EndGlobalSection
	GlobalSection(SolutionProperties) = preSolution
		HideSolutionNode = FALSE
	EndGlobalSection
	GlobalSection(ExtensibilityGlobals) = postSolution
		SolutionGuid = {8455BB2C-1895-4685-A25D-C6D3475D4C7A}
	EndGlobalSection
EndGlobal
